
Microsoft Visual Studio Solution File, Format Version 12.00
# Visual Studio Version 16
VisualStudioVersion = 16.0.30503.244
MinimumVisualStudioVersion = 10.0.40219.1
Project("{2150E333-8FDC-42A3-9474-1A3956D46DE8}") = "Testing", "Testing", "{CF1A0D64-974E-4DCD-AB72-A039B0FBE0B8}"
EndProject
Project("{2150E333-8FDC-42A3-9474-1A3956D46DE8}") = "Source", "Source", "{83CE5432-945B-4FBB-9ACB-A3490784E1E5}"
EndProject
Project("{9A19103F-16F7-4668-BE54-9A1E7A4F7556}") = "ReadUs.Console", "ReadUs.Console\ReadUs.Console.csproj", "{3419027C-968A-489B-AF60-7DDADAC1DB16}"
EndProject
Project("{9A19103F-16F7-4668-BE54-9A1E7A4F7556}") = "ReadUs", "ReadUs\ReadUs.csproj", "{EEEBCFA2-5E70-4091-B106-2A71B863A12B}"
EndProject
Project("{FAE04EC0-301F-11D3-BF4B-00C04F79EFBC}") = "ReadUs.Tests", "ReadUs.Tests\ReadUs.Tests.csproj", "{DCC577AA-E4D5-4314-818F-4C17D458A677}"
EndProject
Project("{FAE04EC0-301F-11D3-BF4B-00C04F79EFBC}") = "ReadUs.Commands", "ReadUs.Commands\ReadUs.Commands.csproj", "{2CC00095-64F5-4FD2-BB74-FF7D0C9F940B}"
EndProject
Global
	GlobalSection(SolutionConfigurationPlatforms) = preSolution
		Debug|Any CPU = Debug|Any CPU
		Release|Any CPU = Release|Any CPU
	EndGlobalSection
	GlobalSection(ProjectConfigurationPlatforms) = postSolution
		{CC2B1F9B-0DBF-4851-9835-560628DEEFAF}.Debug|Any CPU.ActiveCfg = Debug|Any CPU
		{CC2B1F9B-0DBF-4851-9835-560628DEEFAF}.Debug|Any CPU.Build.0 = Debug|Any CPU
		{CC2B1F9B-0DBF-4851-9835-560628DEEFAF}.Release|Any CPU.ActiveCfg = Release|Any CPU
		{CC2B1F9B-0DBF-4851-9835-560628DEEFAF}.Release|Any CPU.Build.0 = Release|Any CPU
		{3419027C-968A-489B-AF60-7DDADAC1DB16}.Debug|Any CPU.ActiveCfg = Debug|Any CPU
		{3419027C-968A-489B-AF60-7DDADAC1DB16}.Debug|Any CPU.Build.0 = Debug|Any CPU
		{3419027C-968A-489B-AF60-7DDADAC1DB16}.Release|Any CPU.ActiveCfg = Release|Any CPU
		{3419027C-968A-489B-AF60-7DDADAC1DB16}.Release|Any CPU.Build.0 = Release|Any CPU
		{EEEBCFA2-5E70-4091-B106-2A71B863A12B}.Debug|Any CPU.ActiveCfg = Debug|Any CPU
		{EEEBCFA2-5E70-4091-B106-2A71B863A12B}.Debug|Any CPU.Build.0 = Debug|Any CPU
		{EEEBCFA2-5E70-4091-B106-2A71B863A12B}.Release|Any CPU.ActiveCfg = Release|Any CPU
		{EEEBCFA2-5E70-4091-B106-2A71B863A12B}.Release|Any CPU.Build.0 = Release|Any CPU
		{DCC577AA-E4D5-4314-818F-4C17D458A677}.Debug|Any CPU.ActiveCfg = Debug|Any CPU
		{DCC577AA-E4D5-4314-818F-4C17D458A677}.Debug|Any CPU.Build.0 = Debug|Any CPU
		{DCC577AA-E4D5-4314-818F-4C17D458A677}.Release|Any CPU.ActiveCfg = Release|Any CPU
		{DCC577AA-E4D5-4314-818F-4C17D458A677}.Release|Any CPU.Build.0 = Release|Any CPU
		{2CC00095-64F5-4FD2-BB74-FF7D0C9F940B}.Debug|Any CPU.ActiveCfg = Debug|Any CPU
		{2CC00095-64F5-4FD2-BB74-FF7D0C9F940B}.Debug|Any CPU.Build.0 = Debug|Any CPU
		{2CC00095-64F5-4FD2-BB74-FF7D0C9F940B}.Release|Any CPU.ActiveCfg = Release|Any CPU
		{2CC00095-64F5-4FD2-BB74-FF7D0C9F940B}.Release|Any CPU.Build.0 = Release|Any CPU
	EndGlobalSection
	GlobalSection(SolutionProperties) = preSolution
		HideSolutionNode = FALSE
	EndGlobalSection
	GlobalSection(NestedProjects) = preSolution
		{3419027C-968A-489B-AF60-7DDADAC1DB16} = {83CE5432-945B-4FBB-9ACB-A3490784E1E5}
		{EEEBCFA2-5E70-4091-B106-2A71B863A12B} = {83CE5432-945B-4FBB-9ACB-A3490784E1E5}
		{DCC577AA-E4D5-4314-818F-4C17D458A677} = {CF1A0D64-974E-4DCD-AB72-A039B0FBE0B8}
		{2CC00095-64F5-4FD2-BB74-FF7D0C9F940B} = {83CE5432-945B-4FBB-9ACB-A3490784E1E5}
	EndGlobalSection
	GlobalSection(ExtensibilityGlobals) = postSolution
		SolutionGuid = {FED0985B-10FC-499D-8AFD-904E88D486C8}
	EndGlobalSection
EndGlobal
